github.com/klauspost/compress v1.17.2 h1:87v6f2T4pYm7i1pS2f2X8NidU3V668SIs7N7vX8+ZMU=
github.com/klauspost/compress v1.17.2/go.mod h1:ntm6dqPb69XVV5YpZ0N6C3yis+2A309LktC66T6ZpUA=
github.com/nats-io/nats.go v1.34.0 h1:0C5tXW301j0Y54L+O8S07pW5qXoH0XG7yVfO833tTfM=
github.com/nats-io/nats.go v1.34.0/go.mod h1:7mZ7m96yG/9v7+W+S0pM3y+2qW1u+tqf7XW3U2l8NlU=
github.com/nats-io/nkeys v0.4.7 h1:69p6M7+0fXW7qW24m646uN+nU17m7N9uW+I8oD8x7u0=
github.com/nats-io/nkeys v0.4.7/go.mod h1:fOsnG3Y8h3/t9hG4SInYn/V/961O/m7Xv4S8L8Y8m+U=
github.com/nats-io/nuid v1.0.1 h1:5i9I3O+90D8i7uIu90XW2Zp4tT5W5V6uI6p9W6z5NlY=
github.com/nats-io/nuid v1.0.1/go.mod h1:it8m6v8pW8uO0M4f6f8f7vW5qXoH0XG7yVfO833tTfM=
golang.org/x/crypto v0.18.0 h1:9S/rYyC9fN7O9rU9K5UvW/p78yO3C1vI1Y9O0lV/O0E=
golang.org/x/crypto v0.18.0/go.mod h1:6K9i9L7fV8z7P7U0S1L6pY2VfS8S1W8+S5U0X0lW0M0=
golang.org/x/sys v0.16.0 h1:6K9i9L7fV8z7P7U0S1L6pY2VfS8S1W8+S5U0X0lW0M0=
golang.org/x/sys v0.16.0/go.mod h1:6K9i9L7fV8z7P7U0S1L6pY2VfS8S1W8+S5U0X0lW0M0=
